
Microsoft Visual Studio Solution File, Format Version 12.00
# Visual Studio 15
VisualStudioVersion = 15.0.27428.2043
MinimumVisualStudioVersion = 10.0.40219.1
Project("{FAE04EC0-301F-11D3-BF4B-00C04F79EFBC}") = "ImageInfo", "ImageInfo\C#\ImageInfo.csproj", "{311F76E7-A795-4CF9-A60E-C1B117727204}"
EndProject
Project("{FAE04EC0-301F-11D3-BF4B-00C04F79EFBC}") = "DecodeJpeg2000", "DecodeJpeg2000\C#\DecodeJpeg2000.csproj", "{D5B79587-9850-4C14-AD73-CE75271330FE}"
EndProject
Global
	GlobalSection(SolutionConfigurationPlatforms) = preSolution
		Debug|Any CPU = Debug|Any CPU
		Release|Any CPU = Release|Any CPU
	EndGlobalSection
	GlobalSection(ProjectConfigurationPlatforms) = postSolution
		{311F76E7-A795-4CF9-A60E-C1B117727204}.Debug|Any CPU.ActiveCfg = Debug|Any CPU
		{311F76E7-A795-4CF9-A60E-C1B117727204}.Debug|Any CPU.Build.0 = Debug|Any CPU
		{311F76E7-A795-4CF9-A60E-C1B117727204}.Release|Any CPU.ActiveCfg = Release|Any CPU
		{311F76E7-A795-4CF9-A60E-C1B117727204}.Release|Any CPU.Build.0 = Release|Any CPU
		{D5B79587-9850-4C14-AD73-CE75271330FE}.Debug|Any CPU.ActiveCfg = Debug|Any CPU
		{D5B79587-9850-4C14-AD73-CE75271330FE}.Debug|Any CPU.Build.0 = Debug|Any CPU
		{D5B79587-9850-4C14-AD73-CE75271330FE}.Release|Any CPU.ActiveCfg = Release|Any CPU
		{D5B79587-9850-4C14-AD73-CE75271330FE}.Release|Any CPU.Build.0 = Release|Any CPU
	EndGlobalSection
	GlobalSection(SolutionProperties) = preSolution
		HideSolutionNode = FALSE
	EndGlobalSection
	GlobalSection(ExtensibilityGlobals) = postSolution
		SolutionGuid = {1CBEC870-38BB-4373-B24A-995ACDF5699B}
	EndGlobalSection
EndGlobal
